
Microsoft Visual Studio Solution File, Format Version 12.00
# Visual Studio Version 17
VisualStudioVersion = 17.11.35312.102
MinimumVisualStudioVersion = 10.0.40219.1
Project("{FAE04EC0-301F-11D3-BF4B-00C04F79EFBC}") = "FamilyRecipeAPI", "FamilyRecipeAPI.csproj", "{11639859-FDFC-4C29-A368-CA536F76A012}"
EndProject
Global
	GlobalSection(SolutionConfigurationPlatforms) = preSolution
		Debug|Any CPU = Debug|Any CPU
		Release|Any CPU = Release|Any CPU
	EndGlobalSection
	GlobalSection(ProjectConfigurationPlatforms) = postSolution
		{11639859-FDFC-4C29-A368-CA536F76A012}.Debug|Any CPU.ActiveCfg = Debug|Any CPU
		{11639859-FDFC-4C29-A368-CA536F76A012}.Debug|Any CPU.Build.0 = Debug|Any CPU
		{11639859-FDFC-4C29-A368-CA536F76A012}.Release|Any CPU.ActiveCfg = Release|Any CPU
		{11639859-FDFC-4C29-A368-CA536F76A012}.Release|Any CPU.Build.0 = Release|Any CPU
	EndGlobalSection
	GlobalSection(SolutionProperties) = preSolution
		HideSolutionNode = FALSE
	EndGlobalSection
	GlobalSection(ExtensibilityGlobals) = postSolution
		SolutionGuid = {4BFEBB1C-A4AB-43AD-AE80-266A40BA2784}
	EndGlobalSection
EndGlobal
